
Microsoft Visual Studio Solution File, Format Version 12.00
# Visual Studio Version 17
VisualStudioVersion = 17.3.32825.248
MinimumVisualStudioVersion = 10.0.40219.1
Project("{FAE04EC0-301F-11D3-BF4B-00C04F79EFBC}") = "Строки 1 Ф", "Строки 1 Ф\Строки 1 Ф.csproj", "{F04EC628-F5C2-4C89-BF55-DC7452FA2888}"
EndProject
Global
	GlobalSection(SolutionConfigurationPlatforms) = preSolution
		Debug|Any CPU = Debug|Any CPU
		Release|Any CPU = Release|Any CPU
	EndGlobalSection
	GlobalSection(ProjectConfigurationPlatforms) = postSolution
		{F04EC628-F5C2-4C89-BF55-DC7452FA2888}.Debug|Any CPU.ActiveCfg = Debug|Any CPU
		{F04EC628-F5C2-4C89-BF55-DC7452FA2888}.Debug|Any CPU.Build.0 = Debug|Any CPU
		{F04EC628-F5C2-4C89-BF55-DC7452FA2888}.Release|Any CPU.ActiveCfg = Release|Any CPU
		{F04EC628-F5C2-4C89-BF55-DC7452FA2888}.Release|Any CPU.Build.0 = Release|Any CPU
	EndGlobalSection
	GlobalSection(SolutionProperties) = preSolution
		HideSolutionNode = FALSE
	EndGlobalSection
	GlobalSection(ExtensibilityGlobals) = postSolution
		SolutionGuid = {D49F47EC-0B76-4985-AE37-67C123F2BF7B}
	EndGlobalSection
EndGlobal
